// !$*UTF8*$!
{
	archiveVersion = 1;
	classes = {
	};
	objectVersion = 50;
	objects = {

/* Begin PBXBuildFile section */
		FAE616942535F1FD0031B2E0 /* AppDelegate.swift in Sources */ = {isa = PBXBuildFile; fileRef = FAE616932535F1FD0031B2E0 /* AppDelegate.swift */; };
		FAE616962535F1FD0031B2E0 /* SceneDelegate.swift in Sources */ = {isa = PBXBuildFile; fileRef = FAE616952535F1FD0031B2E0 /* SceneDelegate.swift */; };
		FAE616982535F1FD0031B2E0 /* ViewController.swift in Sources */ = {isa = PBXBuildFile; fileRef = FAE616972535F1FD0031B2E0 /* ViewController.swift */; };
		FAE6169B2535F1FD0031B2E0 /* Main.storyboard in Resources */ = {isa = PBXBuildFile; fileRef = FAE616992535F1FD0031B2E0 /* Main.storyboard */; };
		FAE6169D2535F1FE0031B2E0 /* Assets.xcassets in Resources */ = {isa = PBXBuildFile; fileRef = FAE6169C2535F1FE0031B2E0 /* Assets.xcassets */; };
		FAE616A02535F1FE0031B2E0 /* LaunchScreen.storyboard in Resources */ = {isa = PBXBuildFile; fileRef = FAE6169E2535F1FE0031B2E0 /* LaunchScreen.storyboard */; };
		FAE616AB2535F1FE0031B2E0 /* MyFirstAppTests.swift in Sources */ = {isa = PBXBuildFile; fileRef = FAE616AA2535F1FE0031B2E0 /* MyFirstAppTests.swift */; };
		FAE616B62535F1FE0031B2E0 /* MyFirstAppUITests.swift in Sources */ = {isa = PBXBuildFile; fileRef = FAE616B52535F1FE0031B2E0 /* MyFirstAppUITests.swift */; };
/* End PBXBuildFile section */

/* Begin PBXContainerItemProxy section */
		FAE616A72535F1FE0031B2E0 /* PBXContainerItemProxy */ = {
			isa = PBXContainerItemProxy;
			containerPortal = FAE616882535F1FD0031B2E0 /* Project object */;
			proxyType = 1;
			remoteGlobalIDString = FAE6168F2535F1FD0031B2E0;
			remoteInfo = MyFirstApp;
		};
		FAE616B22535F1FE0031B2E0 /* PBXContainerItemProxy */ = {
			isa = PBXContainerItemProxy;
			containerPortal = FAE616882535F1FD0031B2E0 /* Project object */;
			proxyType = 1;
			remoteGlobalIDString = FAE6168F2535F1FD0031B2E0;
			remoteInfo = MyFirstApp;
		};
/* End PBXContainerItemProxy section */

/* Begin PBXFileReference section */
		FAE616902535F1FD0031B2E0 /* MyFirstApp.app */ = {isa = PBXFileReference; explicitFileType = wrapper.application; includeInIndex = 0; path = MyFirstApp.app; sourceTree = BUILT_PRODUCTS_DIR; };
		FAE616932535F1FD0031B2E0 /* AppDelegate.swift */ = {isa = PBXFileReference; lastKnownFileType = sourcecode.swift; path = AppDelegate.swift; sourceTree = "<group>"; };
		FAE616952535F1FD0031B2E0 /* SceneDelegate.swift */ = {isa = PBXFileReference; lastKnownFileType = sourcecode.swift; path = SceneDelegate.swift; sourceTree = "<group>"; };
		FAE616972535F1FD0031B2E0 /* ViewController.swift */ = {isa = PBXFileReference; lastKnownFileType = sourcecode.swift; path = ViewController.swift; sourceTree = "<group>"; };
		FAE6169A2535F1FD0031B2E0 /* Base */ = {isa = PBXFileReference; lastKnownFileType = file.storyboard; name = Base; path = Base.lproj/Main.storyboard; sourceTree = "<group>"; };
		FAE6169C2535F1FE0031B2E0 /* Assets.xcassets */ = {isa = PBXFileReference; lastKnownFileType = folder.assetcatalog; path = Assets.xcassets; sourceTree = "<group>"; };
		FAE6169F2535F1FE0031B2E0 /* Base */ = {isa = PBXFileReference; lastKnownFileType = file.storyboard; name = Base; path = Base.lproj/LaunchScreen.storyboard; sourceTree = "<group>"; };
		FAE616A12535F1FE0031B2E0 /* Info.plist */ = {isa = PBXFileReference; lastKnownFileType = text.plist.xml; path = Info.plist; sourceTree = "<group>"; };
		FAE616A62535F1FE0031B2E0 /* MyFirstAppTests.xctest */ = {isa = PBXFileReference; explicitFileType = wrapper.cfbundle; includeInIndex = 0; path = MyFirstAppTests.xctest; sourceTree = BUILT_PRODUCTS_DIR; };
		FAE616AA2535F1FE0031B2E0 /* MyFirstAppTests.swift */ = {isa = PBXFileReference; lastKnownFileType = sourcecode.swift; path = MyFirstAppTests.swift; sourceTree = "<group>"; };
		FAE616AC2535F1FE0031B2E0 /* Info.plist */ = {isa = PBXFileReference; lastKnownFileType = text.plist.xml; path = Info.plist; sourceTree = "<group>"; };
		FAE616B12535F1FE0031B2E0 /* MyFirstAppUITests.xctest */ = {isa = PBXFileReference; explicitFileType = wrapper.cfbundle; includeInIndex = 0; path = MyFirstAppUITests.xctest; sourceTree = BUILT_PRODUCTS_DIR; };
		FAE616B52535F1FE0031B2E0 /* MyFirstAppUITests.swift */ = {isa = PBXFileReference; lastKnownFileType = sourcecode.swift; path = MyFirstAppUITests.swift; sourceTree = "<group>"; };
		FAE616B72535F1FE0031B2E0 /* Info.plist */ = {isa = PBXFileReference; lastKnownFileType = text.plist.xml; path = Info.plist; sourceTree = "<group>"; };
/* End PBXFileReference section */

/* Begin PBXFrameworksBuildPhase section */
		FAE6168D2535F1FD0031B2E0 /* Frameworks */ = {
			isa = PBXFrameworksBuildPhase;
			buildActionMask = 2147483647;
			files = (
			);
			runOnlyForDeploymentPostprocessing = 0;
		};
		FAE616A32535F1FE0031B2E0 /* Frameworks */ = {
			isa = PBXFrameworksBuildPhase;
			buildActionMask = 2147483647;
			files = (
			);
			runOnlyForDeploymentPostprocessing = 0;
		};
		FAE616AE2535F1FE0031B2E0 /* Frameworks */ = {
			isa = PBXFrameworksBuildPhase;
			buildActionMask = 2147483647;
			files = (
			);
			runOnlyForDeploymentPostprocessing = 0;
		};
/* End PBXFrameworksBuildPhase section */

/* Begin PBXGroup section */
		FAE616872535F1FD0031B2E0 = {
			isa = PBXGroup;
			children = (
				FAE616922535F1FD0031B2E0 /* MyFirstApp */,
				FAE616A92535F1FE0031B2E0 /* MyFirstAppTests */,
				FAE616B42535F1FE0031B2E0 /* MyFirstAppUITests */,
				FAE616912535F1FD0031B2E0 /* Products */,
			);
			sourceTree = "<group>";
		};
		FAE616912535F1FD0031B2E0 /* Products */ = {
			isa = PBXGroup;
			children = (
				FAE616902535F1FD0031B2E0 /* MyFirstApp.app */,
				FAE616A62535F1FE0031B2E0 /* MyFirstAppTests.xctest */,
				FAE616B12535F1FE0031B2E0 /* MyFirstAppUITests.xctest */,
			);
			name = Products;
			sourceTree = "<group>";
		};
		FAE616922535F1FD0031B2E0 /* MyFirstApp */ = {
			isa = PBXGroup;
			children = (
				FAE616932535F1FD0031B2E0 /* AppDelegate.swift */,
				FAE616952535F1FD0031B2E0 /* SceneDelegate.swift */,
				FAE616972535F1FD0031B2E0 /* ViewController.swift */,
				FAE616992535F1FD0031B2E0 /* Main.storyboard */,
				FAE6169C2535F1FE0031B2E0 /* Assets.xcassets */,
				FAE6169E2535F1FE0031B2E0 /* LaunchScreen.storyboard */,
				FAE616A12535F1FE0031B2E0 /* Info.plist */,
			);
			path = MyFirstApp;
			sourceTree = "<group>";
		};
		FAE616A92535F1FE0031B2E0 /* MyFirstAppTests */ = {
			isa = PBXGroup;
			children = (
				FAE616AA2535F1FE0031B2E0 /* MyFirstAppTests.swift */,
				FAE616AC2535F1FE0031B2E0 /* Info.plist */,
			);
			path = MyFirstAppTests;
			sourceTree = "<group>";
		};
		FAE616B42535F1FE0031B2E0 /* MyFirstAppUITests */ = {
			isa = PBXGroup;
			children = (
				FAE616B52535F1FE0031B2E0 /* MyFirstAppUITests.swift */,
				FAE616B72535F1FE0031B2E0 /* Info.plist */,
			);
			path = MyFirstAppUITests;
			sourceTree = "<group>";
		};
/* End PBXGroup section */

/* Begin PBXNativeTarget section */
		FAE6168F2535F1FD0031B2E0 /* MyFirstApp */ = {
			isa = PBXNativeTarget;
			buildConfigurationList = FAE616BA2535F1FE0031B2E0 /* Build configuration list for PBXNativeTarget "MyFirstApp" */;
			buildPhases = (
				FAE6168C2535F1FD0031B2E0 /* Sources */,
				FAE6168D2535F1FD0031B2E0 /* Frameworks */,
				FAE6168E2535F1FD0031B2E0 /* Resources */,
			);
			buildRules = (
			);
			dependencies = (
			);
			name = MyFirstApp;
			productName = MyFirstApp;
			productReference = FAE616902535F1FD0031B2E0 /* MyFirstApp.app */;
			productType = "com.apple.product-type.application";
		};
		FAE616A52535F1FE0031B2E0 /* MyFirstAppTests */ = {
			isa = PBXNativeTarget;
			buildConfigurationList = FAE616BD2535F1FE0031B2E0 /* Build configuration list for PBXNativeTarget "MyFirstAppTests" */;
			buildPhases = (
				FAE616A22535F1FE0031B2E0 /* Sources */,
				FAE616A32535F1FE0031B2E0 /* Frameworks */,
				FAE616A42535F1FE0031B2E0 /* Resources */,
			);
			buildRules = (
			);
			dependencies = (
				FAE616A82535F1FE0031B2E0 /* PBXTargetDependency */,
			);
			name = MyFirstAppTests;
			productName = MyFirstAppTests;
			productReference = FAE616A62535F1FE0031B2E0 /* MyFirstAppTests.xctest */;
			productType = "com.apple.product-type.bundle.unit-test";
		};
		FAE616B02535F1FE0031B2E0 /* MyFirstAppUITests */ = {
			isa = PBXNativeTarget;
			buildConfigurationList = FAE616C02535F1FE0031B2E0 /* Build configuration list for PBXNativeTarget "MyFirstAppUITests" */;
			buildPhases = (
				FAE616AD2535F1FE0031B2E0 /* Sources */,
				FAE616AE2535F1FE0031B2E0 /* Frameworks */,
				FAE616AF2535F1FE0031B2E0 /* Resources */,
			);
			buildRules = (
			);
			dependencies = (
				FAE616B32535F1FE0031B2E0 /* PBXTargetDependency */,
			);
			name = MyFirstAppUITests;
			productName = MyFirstAppUITests;
			productReference = FAE616B12535F1FE0031B2E0 /* MyFirstAppUITests.xctest */;
			productType = "com.apple.product-type.bundle.ui-testing";
		};
/* End PBXNativeTarget section */

/* Begin PBXProject section */
		FAE616882535F1FD0031B2E0 /* Project object */ = {
			isa = PBXProject;
			attributes = {
				LastSwiftUpdateCheck = 1200;
				LastUpgradeCheck = 1200;
				TargetAttributes = {
					FAE6168F2535F1FD0031B2E0 = {
						CreatedOnToolsVersion = 12.0.1;
					};
					FAE616A52535F1FE0031B2E0 = {
						CreatedOnToolsVersion = 12.0.1;
						TestTargetID = FAE6168F2535F1FD0031B2E0;
					};
					FAE616B02535F1FE0031B2E0 = {
						CreatedOnToolsVersion = 12.0.1;
						TestTargetID = FAE6168F2535F1FD0031B2E0;
					};
				};
			};
			buildConfigurationList = FAE6168B2535F1FD0031B2E0 /* Build configuration list for PBXProject "MyFirstApp" */;
			compatibilityVersion = "Xcode 9.3";
			developmentRegion = en;
			hasScannedForEncodings = 0;
			knownRegions = (
				en,
				Base,
			);
			mainGroup = FAE616872535F1FD0031B2E0;
			productRefGroup = FAE616912535F1FD0031B2E0 /* Products */;
			projectDirPath = "";
			projectRoot = "";
			targets = (
				FAE6168F2535F1FD0031B2E0 /* MyFirstApp */,
				FAE616A52535F1FE0031B2E0 /* MyFirstAppTests */,
				FAE616B02535F1FE0031B2E0 /* MyFirstAppUITests */,
			);
		};
/* End PBXProject section */

/* Begin PBXResourcesBuildPhase section */
		FAE6168E2535F1FD0031B2E0 /* Resources */ = {
			isa = PBXResourcesBuildPhase;
			buildActionMask = 2147483647;
			files = (
				FAE616A02535F1FE0031B2E0 /* LaunchScreen.storyboard in Resources */,
				FAE6169D2535F1FE0031B2E0 /* Assets.xcassets in Resources */,
				FAE6169B2535F1FD0031B2E0 /* Main.storyboard in Resources */,
			);
			runOnlyForDeploymentPostprocessing = 0;
		};
		FAE616A42535F1FE0031B2E0 /* Resources */ = {
			isa = PBXResourcesBuildPhase;
			buildActionMask = 2147483647;
			files = (
			);
			runOnlyForDeploymentPostprocessing = 0;
		};
		FAE616AF2535F1FE0031B2E0 /* Resources */ = {
			isa = PBXResourcesBuildPhase;
			buildActionMask = 2147483647;
			files = (
			);
			runOnlyForDeploymentPostprocessing = 0;
		};
/* End PBXResourcesBuildPhase section */

/* Begin PBXSourcesBuildPhase section */
		FAE6168C2535F1FD0031B2E0 /* Sources */ = {
			isa = PBXSourcesBuildPhase;
			buildActionMask = 2147483647;
			files = (
				FAE616982535F1FD0031B2E0 /* ViewController.swift in Sources */,
				FAE616942535F1FD0031B2E0 /* AppDelegate.swift in Sources */,
				FAE616962535F1FD0031B2E0 /* SceneDelegate.swift in Sources */,
			);
			runOnlyForDeploymentPostprocessing = 0;
		};
		FAE616A22535F1FE0031B2E0 /* Sources */ = {
			isa = PBXSourcesBuildPhase;
			buildActionMask = 2147483647;
			files = (
				FAE616AB2535F1FE0031B2E0 /* MyFirstAppTests.swift in Sources */,
			);
			runOnlyForDeploymentPostprocessing = 0;
		};
		FAE616AD2535F1FE0031B2E0 /* Sources */ = {
			isa = PBXSourcesBuildPhase;
			buildActionMask = 2147483647;
			files = (
				FAE616B62535F1FE0031B2E0 /* MyFirstAppUITests.swift in Sources */,
			);
			runOnlyForDeploymentPostprocessing = 0;
		};
/* End PBXSourcesBuildPhase section */

/* Begin PBXTargetDependency section */
		FAE616A82535F1FE0031B2E0 /* PBXTargetDependency */ = {
			isa = PBXTargetDependency;
			target = FAE6168F2535F1FD0031B2E0 /* MyFirstApp */;
			targetProxy = FAE616A72535F1FE0031B2E0 /* PBXContainerItemProxy */;
		};
		FAE616B32535F1FE0031B2E0 /* PBXTargetDependency */ = {
			isa = PBXTargetDependency;
			target = FAE6168F2535F1FD0031B2E0 /* MyFirstApp */;
			targetProxy = FAE616B22535F1FE0031B2E0 /* PBXContainerItemProxy */;
		};
/* End PBXTargetDependency section */

/* Begin PBXVariantGroup section */
		FAE616992535F1FD0031B2E0 /* Main.storyboard */ = {
			isa = PBXVariantGroup;
			children = (
				FAE6169A2535F1FD0031B2E0 /* Base */,
			);
			name = Main.storyboard;
			sourceTree = "<group>";
		};
		FAE6169E2535F1FE0031B2E0 /* LaunchScreen.storyboard */ = {
			isa = PBXVariantGroup;
			children = (
				FAE6169F2535F1FE0031B2E0 /* Base */,
			);
			name = LaunchScreen.storyboard;
			sourceTree = "<group>";
		};
/* End PBXVariantGroup section */

/* Begin XCBuildConfiguration section */
		FAE616B82535F1FE0031B2E0 /* Debug */ = {
			isa = XCBuildConfiguration;
			buildSettings = {
				ALWAYS_SEARCH_USER_PATHS = NO;
				CLANG_ANALYZER_NONNULL = YES;
				CLANG_ANALYZER_NUMBER_OBJECT_CONVERSION = YES_AGGRESSIVE;
				CLANG_CXX_LANGUAGE_STANDARD = "gnu++14";
				CLANG_CXX_LIBRARY = "libc++";
				CLANG_ENABLE_MODULES = YES;
				CLANG_ENABLE_OBJC_ARC = YES;
				CLANG_ENABLE_OBJC_WEAK = YES;
				CLANG_WARN_BLOCK_CAPTURE_AUTORELEASING = YES;
				CLANG_WARN_BOOL_CONVERSION = YES;
				CLANG_WARN_COMMA = YES;
				CLANG_WARN_CONSTANT_CONVERSION = YES;
				CLANG_WARN_DEPRECATED_OBJC_IMPLEMENTATIONS = YES;
				CLANG_WARN_DIRECT_OBJC_ISA_USAGE = YES_ERROR;
				CLANG_WARN_DOCUMENTATION_COMMENTS = YES;
				CLANG_WARN_EMPTY_BODY = YES;
				CLANG_WARN_ENUM_CONVERSION = YES;
				CLANG_WARN_INFINITE_RECURSION = YES;
				CLANG_WARN_INT_CONVERSION = YES;
				CLANG_WARN_NON_LITERAL_NULL_CONVERSION = YES;
				CLANG_WARN_OBJC_IMPLICIT_RETAIN_SELF = YES;
				CLANG_WARN_OBJC_LITERAL_CONVERSION = YES;
				CLANG_WARN_OBJC_ROOT_CLASS = YES_ERROR;
				CLANG_WARN_QUOTED_INCLUDE_IN_FRAMEWORK_HEADER = YES;
				CLANG_WARN_RANGE_LOOP_ANALYSIS = YES;
				CLANG_WARN_STRICT_PROTOTYPES = YES;
				CLANG_WARN_SUSPICIOUS_MOVE = YES;
				CLANG_WARN_UNGUARDED_AVAILABILITY = YES_AGGRESSIVE;
				CLANG_WARN_UNREACHABLE_CODE = YES;
				CLANG_WARN__DUPLICATE_METHOD_MATCH = YES;
				COPY_PHASE_STRIP = NO;
				DEBUG_INFORMATION_FORMAT = dwarf;
				ENABLE_STRICT_OBJC_MSGSEND = YES;
				ENABLE_TESTABILITY = YES;
				GCC_C_LANGUAGE_STANDARD = gnu11;
				GCC_DYNAMIC_NO_PIC = NO;
				GCC_NO_COMMON_BLOCKS = YES;
				GCC_OPTIMIZATION_LEVEL = 0;
				GCC_PREPROCESSOR_DEFINITIONS = (
					"DEBUG=1",
					"$(inherited)",
				);
				GCC_WARN_64_TO_32_BIT_CONVERSION = YES;
				GCC_WARN_ABOUT_RETURN_TYPE = YES_ERROR;
				GCC_WARN_UNDECLARED_SELECTOR = YES;
				GCC_WARN_UNINITIALIZED_AUTOS = YES_AGGRESSIVE;
				GCC_WARN_UNUSED_FUNCTION = YES;
				GCC_WARN_UNUSED_VARIABLE = YES;
				IPHONEOS_DEPLOYMENT_TARGET = 14.0;
				MTL_ENABLE_DEBUG_INFO = INCLUDE_SOURCE;
				MTL_FAST_MATH = YES;
				ONLY_ACTIVE_ARCH = YES;
				SDKROOT = iphoneos;
				SWIFT_ACTIVE_COMPILATION_CONDITIONS = DEBUG;
				SWIFT_OPTIMIZATION_LEVEL = "-Onone";
			};
			name = Debug;
		};
		FAE616B92535F1FE0031B2E0 /* Release */ = {
			isa = XCBuildConfiguration;
			buildSettings = {
				ALWAYS_SEARCH_USER_PATHS = NO;
				CLANG_ANALYZER_NONNULL = YES;
				CLANG_ANALYZER_NUMBER_OBJECT_CONVERSION = YES_AGGRESSIVE;
				CLANG_CXX_LANGUAGE_STANDARD = "gnu++14";
				CLANG_CXX_LIBRARY = "libc++";
				CLANG_ENABLE_MODULES = YES;
				CLANG_ENABLE_OBJC_ARC = YES;
				CLANG_ENABLE_OBJC_WEAK = YES;
				CLANG_WARN_BLOCK_CAPTURE_AUTORELEASING = YES;
				CLANG_WARN_BOOL_CONVERSION = YES;
				CLANG_WARN_COMMA = YES;
				CLANG_WARN_CONSTANT_CONVERSION = YES;
				CLANG_WARN_DEPRECATED_OBJC_IMPLEMENTATIONS = YES;
				CLANG_WARN_DIRECT_OBJC_ISA_USAGE = YES_ERROR;
				CLANG_WARN_DOCUMENTATION_COMMENTS = YES;
				CLANG_WARN_EMPTY_BODY = YES;
				CLANG_WARN_ENUM_CONVERSION = YES;
				CLANG_WARN_INFINITE_RECURSION = YES;
				CLANG_WARN_INT_CONVERSION = YES;
				CLANG_WARN_NON_LITERAL_NULL_CONVERSION = YES;
				CLANG_WARN_OBJC_IMPLICIT_RETAIN_SELF = YES;
				CLANG_WARN_OBJC_LITERAL_CONVERSION = YES;
				CLANG_WARN_OBJC_ROOT_CLASS = YES_ERROR;
				CLANG_WARN_QUOTED_INCLUDE_IN_FRAMEWORK_HEADER = YES;
				CLANG_WARN_RANGE_LOOP_ANALYSIS = YES;
				CLANG_WARN_STRICT_PROTOTYPES = YES;
				CLANG_WARN_SUSPICIOUS_MOVE = YES;
				CLANG_WARN_UNGUARDED_AVAILABILITY = YES_AGGRESSIVE;
				CLANG_WARN_UNREACHABLE_CODE = YES;
				CLANG_WARN__DUPLICATE_METHOD_MATCH = YES;
				COPY_PHASE_STRIP = NO;
				DEBUG_INFORMATION_FORMAT = "dwarf-with-dsym";
				ENABLE_NS_ASSERTIONS = NO;
				ENABLE_STRICT_OBJC_MSGSEND = YES;
				GCC_C_LANGUAGE_STANDARD = gnu11;
				GCC_NO_COMMON_BLOCKS = YES;
				GCC_WARN_64_TO_32_BIT_CONVERSION = YES;
				GCC_WARN_ABOUT_RETURN_TYPE = YES_ERROR;
				GCC_WARN_UNDECLARED_SELECTOR = YES;
				GCC_WARN_UNINITIALIZED_AUTOS = YES_AGGRESSIVE;
				GCC_WARN_UNUSED_FUNCTION = YES;
				GCC_WARN_UNUSED_VARIABLE = YES;
				IPHONEOS_DEPLOYMENT_TARGET = 14.0;
				MTL_ENABLE_DEBUG_INFO = NO;
				MTL_FAST_MATH = YES;
				SDKROOT = iphoneos;
				SWIFT_COMPILATION_MODE = wholemodule;
				SWIFT_OPTIMIZATION_LEVEL = "-O";
				VALIDATE_PRODUCT = YES;
			};
			name = Release;
		};
		FAE616BB2535F1FE0031B2E0 /* Debug */ = {
			isa = XCBuildConfiguration;
			buildSettings = {
				ASSETCATALOG_COMPILER_APPICON_NAME = AppIcon;
				ASSETCATALOG_COMPILER_GLOBAL_ACCENT_COLOR_NAME = AccentColor;
				CODE_SIGN_STYLE = Automatic;
				DEVELOPMENT_TEAM = YH6BRXDDH8;
				INFOPLIST_FILE = MyFirstApp/Info.plist;
				LD_RUNPATH_SEARCH_PATHS = (
					"$(inherited)",
					"@executable_path/Frameworks",
				);
				PRODUCT_BUNDLE_IDENTIFIER = ru.isefire.MyFirstApp;
				PRODUCT_NAME = "$(TARGET_NAME)";
				SWIFT_VERSION = 5.0;
				TARGETED_DEVICE_FAMILY = "1,2";
			};
			name = Debug;
		};
		FAE616BC2535F1FE0031B2E0 /* Release */ = {
			isa = XCBuildConfiguration;
			buildSettings = {
				ASSETCATALOG_COMPILER_APPICON_NAME = AppIcon;
				ASSETCATALOG_COMPILER_GLOBAL_ACCENT_COLOR_NAME = AccentColor;
				CODE_SIGN_STYLE = Automatic;
				DEVELOPMENT_TEAM = YH6BRXDDH8;
				INFOPLIST_FILE = MyFirstApp/Info.plist;
				LD_RUNPATH_SEARCH_PATHS = (
					"$(inherited)",
					"@executable_path/Frameworks",
				);
				PRODUCT_BUNDLE_IDENTIFIER = ru.isefire.MyFirstApp;
				PRODUCT_NAME = "$(TARGET_NAME)";
				SWIFT_VERSION = 5.0;
				TARGETED_DEVICE_FAMILY = "1,2";
			};
			name = Release;
		};
		FAE616BE2535F1FE0031B2E0 /* Debug */ = {
			isa = XCBuildConfiguration;
			buildSettings = {
				ALWAYS_EMBED_SWIFT_STANDARD_LIBRARIES = YES;
				BUNDLE_LOADER = "$(TEST_HOST)";
				CODE_SIGN_STYLE = Automatic;
				DEVELOPMENT_TEAM = YH6BRXDDH8;
				INFOPLIST_FILE = MyFirstAppTests/Info.plist;
				IPHONEOS_DEPLOYMENT_TARGET = 14.0;
				LD_RUNPATH_SEARCH_PATHS = (
					"$(inherited)",
					"@executable_path/Frameworks",
					"@loader_path/Frameworks",
				);
				PRODUCT_BUNDLE_IDENTIFIER = ru.isefire.MyFirstAppTests;
				PRODUCT_NAME = "$(TARGET_NAME)";
				SWIFT_VERSION = 5.0;
				TARGETED_DEVICE_FAMILY = "1,2";
				TEST_HOST = "$(BUILT_PRODUCTS_DIR)/MyFirstApp.app/MyFirstApp";
			};
			name = Debug;
		};
		FAE616BF2535F1FE0031B2E0 /* Release */ = {
			isa = XCBuildConfiguration;
			buildSettings = {
				ALWAYS_EMBED_SWIFT_STANDARD_LIBRARIES = YES;
				BUNDLE_LOADER = "$(TEST_HOST)";
				CODE_SIGN_STYLE = Automatic;
				DEVELOPMENT_TEAM = YH6BRXDDH8;
				INFOPLIST_FILE = MyFirstAppTests/Info.plist;
				IPHONEOS_DEPLOYMENT_TARGET = 14.0;
				LD_RUNPATH_SEARCH_PATHS = (
					"$(inherited)",
					"@executable_path/Frameworks",
					"@loader_path/Frameworks",
				);
				PRODUCT_BUNDLE_IDENTIFIER = ru.isefire.MyFirstAppTests;
				PRODUCT_NAME = "$(TARGET_NAME)";
				SWIFT_VERSION = 5.0;
				TARGETED_DEVICE_FAMILY = "1,2";
				TEST_HOST = "$(BUILT_PRODUCTS_DIR)/MyFirstApp.app/MyFirstApp";
			};
			name = Release;
		};
		FAE616C12535F1FE0031B2E0 /* Debug */ = {
			isa = XCBuildConfiguration;
			buildSettings = {
				ALWAYS_EMBED_SWIFT_STANDARD_LIBRARIES = YES;
				CODE_SIGN_STYLE = Automatic;
				DEVELOPMENT_TEAM = YH6BRXDDH8;
				INFOPLIST_FILE = MyFirstAppUITests/Info.plist;
				LD_RUNPATH_SEARCH_PATHS = (
					"$(inherited)",
					"@executable_path/Frameworks",
					"@loader_path/Frameworks",
				);
				PRODUCT_BUNDLE_IDENTIFIER = ru.isefire.MyFirstAppUITests;
				PRODUCT_NAME = "$(TARGET_NAME)";
				SWIFT_VERSION = 5.0;
				TARGETED_DEVICE_FAMILY = "1,2";
				TEST_TARGET_NAME = MyFirstApp;
			};
			name = Debug;
		};
		FAE616C22535F1FE0031B2E0 /* Release */ = {
			isa = XCBuildConfiguration;
			buildSettings = {
				ALWAYS_EMBED_SWIFT_STANDARD_LIBRARIES = YES;
				CODE_SIGN_STYLE = Automatic;
				DEVELOPMENT_TEAM = YH6BRXDDH8;
				INFOPLIST_FILE = MyFirstAppUITests/Info.plist;
				LD_RUNPATH_SEARCH_PATHS = (
					"$(inherited)",
					"@executable_path/Frameworks",
					"@loader_path/Frameworks",
				);
				PRODUCT_BUNDLE_IDENTIFIER = ru.isefire.MyFirstAppUITests;
				PRODUCT_NAME = "$(TARGET_NAME)";
				SWIFT_VERSION = 5.0;
				TARGETED_DEVICE_FAMILY = "1,2";
				TEST_TARGET_NAME = MyFirstApp;
			};
			name = Release;
		};
/* End XCBuildConfiguration section */

/* Begin XCConfigurationList section */
		FAE6168B2535F1FD0031B2E0 /* Build configuration list for PBXProject "MyFirstApp" */ = {
			isa = XCConfigurationList;
			buildConfigurations = (
				FAE616B82535F1FE0031B2E0 /* Debug */,
				FAE616B92535F1FE0031B2E0 /* Release */,
			);
			defaultConfigurationIsVisible = 0;
			defaultConfigurationName = Release;
		};
		FAE616BA2535F1FE0031B2E0 /* Build configuration list for PBXNativeTarget "MyFirstApp" */ = {
			isa = XCConfigurationList;
			buildConfigurations = (
				FAE616BB2535F1FE0031B2E0 /* Debug */,
				FAE616BC2535F1FE0031B2E0 /* Release */,
			);
			defaultConfigurationIsVisible = 0;
			defaultConfigurationName = Release;
		};
		FAE616BD2535F1FE0031B2E0 /* Build configuration list for PBXNativeTarget "MyFirstAppTests" */ = {
			isa = XCConfigurationList;
			buildConfigurations = (
				FAE616BE2535F1FE0031B2E0 /* Debug */,
				FAE616BF2535F1FE0031B2E0 /* Release */,
			);
			defaultConfigurationIsVisible = 0;
			defaultConfigurationName = Release;
		};
		FAE616C02535F1FE0031B2E0 /* Build configuration list for PBXNativeTarget "MyFirstAppUITests" */ = {
			isa = XCConfigurationList;
			buildConfigurations = (
				FAE616C12535F1FE0031B2E0 /* Debug */,
				FAE616C22535F1FE0031B2E0 /* Release */,
			);
			defaultConfigurationIsVisible = 0;
			defaultConfigurationName = Release;
		};
/* End XCConfigurationList section */
	};
	rootObject = FAE616882535F1FD0031B2E0 /* Project object */;
}
